{
  "name": "frontend",
  "lockfileVersion": 3,
  "requires": true,
  "packages": {
    "": {
      "dependencies": {
        "@syncfusion/ej2-angular-richtexteditor": "^22.1.36",
        "ckeditor4-angular": "^4.0.1"
      }
    },
    "node_modules/@angular/common": {
      "version": "16.1.3",
      "resolved": "https://registry.npmjs.org/@angular/common/-/common-16.1.3.tgz",
      "integrity": "sha512-ZzJ6EwQHUkiZYV0zH/UxyUYW5uxomsyk7tdtqZIxAR5m2ktYkQ5XlqgPjBO8voF54Rs5Ot43RkPCLesbZyJDsw==",
      "peer": true,
      "dependencies": {
        "tslib": "^2.3.0"
      },
      "engines": {
        "node": "^16.14.0 || >=18.10.0"
      },
      "peerDependencies": {
        "@angular/core": "16.1.3",
        "rxjs": "^6.5.3 || ^7.4.0"
      }
    },
    "node_modules/@angular/core": {
      "version": "16.1.3",
      "resolved": "https://registry.npmjs.org/@angular/core/-/core-16.1.3.tgz",
      "integrity": "sha512-yhRo9hVS8KhfcEgzciWuRWF4Pnnko98bmSJTqd7u8Kys6z3Uj0qgXMssXHIPUALe3mQKjVkdSZPLIZ9/CaVn/Q==",
      "peer": true,
      "dependencies": {
        "tslib": "^2.3.0"
      },
      "engines": {
        "node": "^16.14.0 || >=18.10.0"
      },
      "peerDependencies": {
        "rxjs": "^6.5.3 || ^7.4.0",
        "zone.js": "~0.13.0"
      }
    },
    "node_modules/@angular/forms": {
      "version": "16.1.3",
      "resolved": "https://registry.npmjs.org/@angular/forms/-/forms-16.1.3.tgz",
      "integrity": "sha512-9tJHgoi/Jmeo30zfnReVZWFcd1WthR+QwYUNwPev+ys58u1mB0cDGORvROySmC2YUyXFSpXt8sxwyWCkYvaV2w==",
      "peer": true,
      "dependencies": {
        "tslib": "^2.3.0"
      },
      "engines": {
        "node": "^16.14.0 || >=18.10.0"
      },
      "peerDependencies": {
        "@angular/common": "16.1.3",
        "@angular/core": "16.1.3",
        "@angular/platform-browser": "16.1.3",
        "rxjs": "^6.5.3 || ^7.4.0"
      }
    },
    "node_modules/@angular/platform-browser": {
      "version": "16.1.3",
      "resolved": "https://registry.npmjs.org/@angular/platform-browser/-/platform-browser-16.1.3.tgz",
      "integrity": "sha512-qZA6Lua2fpBe+KD/QArY/4hilypSZFcTcJsPjZwIzo5pavXqYDI8BVghwh5dcZoUa56hVRDJjv+XW6kl8m9Tdw==",
      "peer": true,
      "dependencies": {
        "tslib": "^2.3.0"
      },
      "engines": {
        "node": "^16.14.0 || >=18.10.0"
      },
      "peerDependencies": {
        "@angular/animations": "16.1.3",
        "@angular/common": "16.1.3",
        "@angular/core": "16.1.3"
      },
      "peerDependenciesMeta": {
        "@angular/animations": {
          "optional": true
        }
      }
    },
    "node_modules/@syncfusion/ej2-angular-base": {
      "version": "22.1.34",
      "resolved": "https://registry.npmjs.org/@syncfusion/ej2-angular-base/-/ej2-angular-base-22.1.34.tgz",
      "integrity": "sha512-hUIyzWS+BLGI7Xhbz6Vexbm3uH9cJ5yPrTBiLsh5RT8tJKD+dHAiJfZ1m9xa0m6woYKR0sfX5Makb0EB9urmjg==",
      "hasInstallScript": true,
      "dependencies": {
        "@syncfusion/ej2-base": "~22.1.34",
        "@syncfusion/ej2-icons": "~22.1.34",
        "core-js": "^3.4.8",
        "reflect-metadata": "^0.1.9",
        "rxjs": "^6.5.4",
        "rxjs-compat": "^6.5.4",
        "zone.js": "^0.10.2"
      }
    },
    "node_modules/@syncfusion/ej2-angular-base/node_modules/rxjs": {
      "version": "6.6.7",
      "resolved": "https://registry.npmjs.org/rxjs/-/rxjs-6.6.7.tgz",
      "integrity": "sha512-hTdwr+7yYNIT5n4AMYp85KA6yw2Va0FLa3Rguvbpa4W3I5xynaBZo41cM3XM+4Q6fRMj3sBYIR1VAmZMXYJvRQ==",
      "dependencies": {
        "tslib": "^1.9.0"
      },
      "engines": {
        "npm": ">=2.0.0"
      }
    },
    "node_modules/@syncfusion/ej2-angular-base/node_modules/tslib": {
      "version": "1.14.1",
      "resolved": "https://registry.npmjs.org/tslib/-/tslib-1.14.1.tgz",
      "integrity": "sha512-Xni35NKzjgMrwevysHTCArtLDpPvye8zV/0E4EyYn43P7/7qvQwPh9BGkHewbMulVntbigmcT7rdX3BNo9wRJg=="
    },
    "node_modules/@syncfusion/ej2-angular-base/node_modules/zone.js": {
      "version": "0.10.3",
      "resolved": "https://registry.npmjs.org/zone.js/-/zone.js-0.10.3.tgz",
      "integrity": "sha512-LXVLVEq0NNOqK/fLJo3d0kfzd4sxwn2/h67/02pjCjfKDxgx1i9QqpvtHD8CrBnSSwMw5+dy11O7FRX5mkO7Cg=="
    },
    "node_modules/@syncfusion/ej2-angular-richtexteditor": {
      "version": "22.1.36",
      "resolved": "https://registry.npmjs.org/@syncfusion/ej2-angular-richtexteditor/-/ej2-angular-richtexteditor-22.1.36.tgz",
      "integrity": "sha512-eh9g/dxU1abbL/SknN/RtEjWFBXJNNyP3LaFMCwx1MX51q1Xnw05xkllohScyr8fppKQpfjIopuVDgs07LKW1g==",
      "dependencies": {
        "@syncfusion/ej2-angular-base": "~22.1.34",
        "@syncfusion/ej2-base": "~22.1.34",
        "@syncfusion/ej2-richtexteditor": "22.1.36",
        "tslib": "^2.3.0"
      }
    },
    "node_modules/@syncfusion/ej2-base": {
      "version": "22.1.34",
      "resolved": "https://registry.npmjs.org/@syncfusion/ej2-base/-/ej2-base-22.1.34.tgz",
      "integrity": "sha512-Cxk488BXsMHDYp4YmQ4uSBS1TSO9o6iiHs7qXO69BfNiSaRYhGfTbrBvtXgLFoE0KO4e/39sQ9Mle/zo+a2knw==",
      "dependencies": {
        "@syncfusion/ej2-icons": "~22.1.34"
      },
      "bin": {
        "syncfusion-license": "bin/syncfusion-license.js"
      }
    },
    "node_modules/@syncfusion/ej2-buttons": {
      "version": "21.1.42",
      "resolved": "https://registry.npmjs.org/@syncfusion/ej2-buttons/-/ej2-buttons-21.1.42.tgz",
      "integrity": "sha512-llP3bA3GWnwLbyzdjgoR9kEQrRJ0hztWDgo3FtKePN/TDv+FrrgdMLW/wmZbPpHJT++/7FIqMOndiZIDLh7q7Q==",
      "dependencies": {
        "@syncfusion/ej2-base": "~21.1.37"
      }
    },
    "node_modules/@syncfusion/ej2-buttons/node_modules/@syncfusion/ej2-base": {
      "version": "21.1.40",
      "resolved": "https://registry.npmjs.org/@syncfusion/ej2-base/-/ej2-base-21.1.40.tgz",
      "integrity": "sha512-hFAtGh6TqbEckDRPGBSp5jFiyRCiOSubFsM99qoiP6Ub6GROAfzG7NvHwuoVulWsOLPgpye37DQsM2K0ex5Jyg==",
      "dependencies": {
        "@syncfusion/ej2-icons": "~21.1.37"
      },
      "bin": {
        "syncfusion-license": "bin/syncfusion-license.js"
      }
    },
    "node_modules/@syncfusion/ej2-buttons/node_modules/@syncfusion/ej2-icons": {
      "version": "21.1.37",
      "resolved": "https://registry.npmjs.org/@syncfusion/ej2-icons/-/ej2-icons-21.1.37.tgz",
      "integrity": "sha512-oJWxxYNcvz4PSsAKsFqwR027c4p6GXsxqDVJGy8tr0L/XT8hpBE+3mHsmSfeOhKyCHg4HCBiT3POVUd9Jg1unw=="
    },
    "node_modules/@syncfusion/ej2-calendars": {
      "version": "22.1.36",
      "resolved": "https://registry.npmjs.org/@syncfusion/ej2-calendars/-/ej2-calendars-22.1.36.tgz",
      "integrity": "sha512-xQyjl4XV9tzRMT+jz05J0fK+W2sNUz9R3Sb4QVSky8i3uJT1C1d/kUbMKdfADJDqRWuX73RJRkMue5o1W9g88w==",
      "dependencies": {
        "@syncfusion/ej2-base": "~22.1.34",
        "@syncfusion/ej2-buttons": "~21.1.36",
        "@syncfusion/ej2-inputs": "~22.1.34",
        "@syncfusion/ej2-lists": "~22.1.34",
        "@syncfusion/ej2-popups": "~22.1.36"
      }
    },
    "node_modules/@syncfusion/ej2-compression": {
      "version": "22.1.34",
      "resolved": "https://registry.npmjs.org/@syncfusion/ej2-compression/-/ej2-compression-22.1.34.tgz",
      "integrity": "sha512-IAjGrq7e3pBL+9Trp/0R4cqMxOYdyyI6p2wER25qjpumg/9R4waCFJAUCwMT/A1J8Vh3ggVFRt+4wYjT1i1ptw==",
      "dependencies": {
        "@syncfusion/ej2-file-utils": "~22.1.34"
      }
    },
    "node_modules/@syncfusion/ej2-data": {
      "version": "22.1.36",
      "resolved": "https://registry.npmjs.org/@syncfusion/ej2-data/-/ej2-data-22.1.36.tgz",
      "integrity": "sha512-pbS7NSc3qn6cTAueFE8poN4Ap1635CzIsJ19/INac2lclJp2aej979tcS3jQ3VRDykBMskGkv/HVN27aMR2UIg==",
      "dependencies": {
        "@syncfusion/ej2-base": "~22.1.34"
      }
    },
    "node_modules/@syncfusion/ej2-dropdowns": {
      "version": "22.1.37",
      "resolved": "https://registry.npmjs.org/@syncfusion/ej2-dropdowns/-/ej2-dropdowns-22.1.37.tgz",
      "integrity": "sha512-wGVCMaSkxNadjN+uY5m5ZGXTB0wD2JS4z0qPHvsDKI32EcsKnzY5vtYxA7Vehcwo3IUkX9te6EXZ2R2YOYbyYg==",
      "dependencies": {
        "@syncfusion/ej2-base": "~22.1.34",
        "@syncfusion/ej2-data": "~22.1.36",
        "@syncfusion/ej2-inputs": "~22.1.34",
        "@syncfusion/ej2-lists": "~22.1.34",
        "@syncfusion/ej2-navigations": "~22.1.36",
        "@syncfusion/ej2-popups": "~22.1.37"
      }
    },
    "node_modules/@syncfusion/ej2-excel-export": {
      "version": "22.1.34",
      "resolved": "https://registry.npmjs.org/@syncfusion/ej2-excel-export/-/ej2-excel-export-22.1.34.tgz",
      "integrity": "sha512-bgxF1Nnx2y4kkEwEfh5icYp3t8ZSKRN4YP70aiLEGE/BV5m0FY3kibjtlrcOkmJtYlclpDOoIPNMiduGVzX2nw==",
      "dependencies": {
        "@syncfusion/ej2-base": "~22.1.34",
        "@syncfusion/ej2-compression": "~22.1.34"
      }
    },
    "node_modules/@syncfusion/ej2-file-utils": {
      "version": "22.1.34",
      "resolved": "https://registry.npmjs.org/@syncfusion/ej2-file-utils/-/ej2-file-utils-22.1.34.tgz",
      "integrity": "sha512-5pzzcQWaWJMCfOJ/XWx4ADvRWSBA1Hx6bxINGgeQlrkP/lQ/kgw3xn3xrYfaO6ujT2nqX6xVHqNpbTxPE7IWOg=="
    },
    "node_modules/@syncfusion/ej2-filemanager": {
      "version": "22.1.36",
      "resolved": "https://registry.npmjs.org/@syncfusion/ej2-filemanager/-/ej2-filemanager-22.1.36.tgz",
      "integrity": "sha512-eWQq26vxC2sSd7hnjafOFDXFC1tZEStM8/0nmRJg+cGaCONOjYw3exxeUA2XQ+RakOhcId6P8Q+W8RWpMDj9DA==",
      "dependencies": {
        "@syncfusion/ej2-base": "~22.1.34",
        "@syncfusion/ej2-buttons": "~21.1.36",
        "@syncfusion/ej2-data": "~22.1.36",
        "@syncfusion/ej2-grids": "~22.1.36",
        "@syncfusion/ej2-inputs": "~22.1.34",
        "@syncfusion/ej2-layouts": "~22.1.36",
        "@syncfusion/ej2-lists": "~22.1.34",
        "@syncfusion/ej2-navigations": "~22.1.36",
        "@syncfusion/ej2-popups": "~22.1.36",
        "@syncfusion/ej2-splitbuttons": "~22.1.34"
      }
    },
    "node_modules/@syncfusion/ej2-grids": {
      "version": "22.1.37",
      "resolved": "https://registry.npmjs.org/@syncfusion/ej2-grids/-/ej2-grids-22.1.37.tgz",
      "integrity": "sha512-t9C9PIhnq5EigPcyldIGNC0C5Ow+goKlBu9m2dWuwQDm2/t+DSzK2S2yvvFC8IY33iDLOY5XOg7y2E/+hO7ubA==",
      "dependencies": {
        "@syncfusion/ej2-base": "~22.1.34",
        "@syncfusion/ej2-buttons": "~22.1.36",
        "@syncfusion/ej2-calendars": "~22.1.36",
        "@syncfusion/ej2-compression": "~22.1.34",
        "@syncfusion/ej2-data": "~22.1.36",
        "@syncfusion/ej2-dropdowns": "~22.1.37",
        "@syncfusion/ej2-excel-export": "~22.1.34",
        "@syncfusion/ej2-file-utils": "~22.1.34",
        "@syncfusion/ej2-inputs": "~22.1.34",
        "@syncfusion/ej2-lists": "~22.1.34",
        "@syncfusion/ej2-navigations": "~22.1.36",
        "@syncfusion/ej2-notifications": "~22.1.34",
        "@syncfusion/ej2-pdf-export": "~22.1.37",
        "@syncfusion/ej2-popups": "~22.1.37",
        "@syncfusion/ej2-splitbuttons": "~22.1.37"
      }
    },
    "node_modules/@syncfusion/ej2-grids/node_modules/@syncfusion/ej2-buttons": {
      "version": "22.1.36",
      "resolved": "https://registry.npmjs.org/@syncfusion/ej2-buttons/-/ej2-buttons-22.1.36.tgz",
      "integrity": "sha512-9KgwGRdNOy8+qQCqr42qIUifeddIjTC6pnuWp2PnklKVbGUjdWHgdtkIdkaRTzLLbNLxTfiahgPbkrzB+459Dw==",
      "dependencies": {
        "@syncfusion/ej2-base": "~22.1.34"
      }
    },
    "node_modules/@syncfusion/ej2-icons": {
      "version": "22.1.34",
      "resolved": "https://registry.npmjs.org/@syncfusion/ej2-icons/-/ej2-icons-22.1.34.tgz",
      "integrity": "sha512-DErl0LGB7gndgdCUJ4DgGkccAAxga6BlqR0nxtYBKetNhQpICkzafiq0o8ZfDR5xV3bguIxHOTLZGYNB3PgVCw=="
    },
    "node_modules/@syncfusion/ej2-inputs": {
      "version": "22.1.34",
      "resolved": "https://registry.npmjs.org/@syncfusion/ej2-inputs/-/ej2-inputs-22.1.34.tgz",
      "integrity": "sha512-hORgtRRfujHh7ASH7RFteoLVkLIbT21J9/FLWlBMiQHcQ4UUTsyTiFEhJATUOuSsQZkxZ97ssv+OeZ13C1pjMw==",
      "dependencies": {
        "@syncfusion/ej2-base": "~22.1.34",
        "@syncfusion/ej2-buttons": "~22.1.34",
        "@syncfusion/ej2-popups": "~22.1.34",
        "@syncfusion/ej2-splitbuttons": "~22.1.34"
      }
    },
    "node_modules/@syncfusion/ej2-inputs/node_modules/@syncfusion/ej2-buttons": {
      "version": "22.1.36",
      "resolved": "https://registry.npmjs.org/@syncfusion/ej2-buttons/-/ej2-buttons-22.1.36.tgz",
      "integrity": "sha512-9KgwGRdNOy8+qQCqr42qIUifeddIjTC6pnuWp2PnklKVbGUjdWHgdtkIdkaRTzLLbNLxTfiahgPbkrzB+459Dw==",
      "dependencies": {
        "@syncfusion/ej2-base": "~22.1.34"
      }
    },
    "node_modules/@syncfusion/ej2-layouts": {
      "version": "22.1.37",
      "resolved": "https://registry.npmjs.org/@syncfusion/ej2-layouts/-/ej2-layouts-22.1.37.tgz",
      "integrity": "sha512-ToOa4QHPwTp9YGXP3lMX9c95e7op7PqdbLaEB497XEfAkzrip/Zd9qvFz+ffanKf/BU0F1j0MU2UkyB+wKOimg==",
      "dependencies": {
        "@syncfusion/ej2-base": "~22.1.34"
      }
    },
    "node_modules/@syncfusion/ej2-lists": {
      "version": "22.1.34",
      "resolved": "https://registry.npmjs.org/@syncfusion/ej2-lists/-/ej2-lists-22.1.34.tgz",
      "integrity": "sha512-fiOuLBXIWFh1Gf3VzCvhjJvOGLbreRnbEHqLyb7frTDM8hHNMYag53f+OwGF/+PG3X+M4eQmia/Lik3iJDaHTA==",
      "dependencies": {
        "@syncfusion/ej2-base": "~22.1.34",
        "@syncfusion/ej2-buttons": "~22.1.34",
        "@syncfusion/ej2-data": "~22.1.34"
      }
    },
    "node_modules/@syncfusion/ej2-lists/node_modules/@syncfusion/ej2-buttons": {
      "version": "22.1.36",
      "resolved": "https://registry.npmjs.org/@syncfusion/ej2-buttons/-/ej2-buttons-22.1.36.tgz",
      "integrity": "sha512-9KgwGRdNOy8+qQCqr42qIUifeddIjTC6pnuWp2PnklKVbGUjdWHgdtkIdkaRTzLLbNLxTfiahgPbkrzB+459Dw==",
      "dependencies": {
        "@syncfusion/ej2-base": "~22.1.34"
      }
    },
    "node_modules/@syncfusion/ej2-navigations": {
      "version": "22.1.36",
      "resolved": "https://registry.npmjs.org/@syncfusion/ej2-navigations/-/ej2-navigations-22.1.36.tgz",
      "integrity": "sha512-fOVA1c8W0R5lQJFwLkfKxotlVI1CeJ83CVXdJJwmGM7MQ8Y/42s1fJE33sc5/sSBBCB4lJdNU+oL7+97/z6lpA==",
      "dependencies": {
        "@syncfusion/ej2-base": "~22.1.34",
        "@syncfusion/ej2-buttons": "~21.1.36",
        "@syncfusion/ej2-data": "~22.1.36",
        "@syncfusion/ej2-inputs": "~22.1.34",
        "@syncfusion/ej2-lists": "~22.1.34",
        "@syncfusion/ej2-popups": "~22.1.36"
      }
    },
    "node_modules/@syncfusion/ej2-notifications": {
      "version": "22.1.34",
      "resolved": "https://registry.npmjs.org/@syncfusion/ej2-notifications/-/ej2-notifications-22.1.34.tgz",
      "integrity": "sha512-2HVbsdNQDgnUWwC/16a6zkJJHNOZ/Z4tbSuww0ReMGJmGoK5E7/1uoV5YkJK3e7SYy1KLndcjOL75DJ4eCt2BQ==",
      "dependencies": {
        "@syncfusion/ej2-base": "~22.1.34",
        "@syncfusion/ej2-buttons": "~22.1.34",
        "@syncfusion/ej2-popups": "~22.1.34"
      }
    },
    "node_modules/@syncfusion/ej2-notifications/node_modules/@syncfusion/ej2-buttons": {
      "version": "22.1.36",
      "resolved": "https://registry.npmjs.org/@syncfusion/ej2-buttons/-/ej2-buttons-22.1.36.tgz",
      "integrity": "sha512-9KgwGRdNOy8+qQCqr42qIUifeddIjTC6pnuWp2PnklKVbGUjdWHgdtkIdkaRTzLLbNLxTfiahgPbkrzB+459Dw==",
      "dependencies": {
        "@syncfusion/ej2-base": "~22.1.34"
      }
    },
    "node_modules/@syncfusion/ej2-pdf-export": {
      "version": "22.1.37",
      "resolved": "https://registry.npmjs.org/@syncfusion/ej2-pdf-export/-/ej2-pdf-export-22.1.37.tgz",
      "integrity": "sha512-6Cb99TQKiBvrwFkxFZP1MvNM5QzsPMX3SwE2MVMdUtof49QQUAbqVlArvRY5ia7UBbtG5UdTpQ0gSMyvkcQXSA==",
      "dependencies": {
        "@syncfusion/ej2-compression": "~22.1.34"
      }
    },
    "node_modules/@syncfusion/ej2-popups": {
      "version": "22.1.37",
      "resolved": "https://registry.npmjs.org/@syncfusion/ej2-popups/-/ej2-popups-22.1.37.tgz",
      "integrity": "sha512-SeljR99Hp8ghM3F/xuMhfN0jYAnq3swVapB0fLYGER/V+TIVNLbGqFDuEx4ONCA0xdW2cTTcGKTSg5iUD/4hdQ==",
      "dependencies": {
        "@syncfusion/ej2-base": "~22.1.34",
        "@syncfusion/ej2-buttons": "~22.1.36"
      }
    },
    "node_modules/@syncfusion/ej2-popups/node_modules/@syncfusion/ej2-buttons": {
      "version": "22.1.36",
      "resolved": "https://registry.npmjs.org/@syncfusion/ej2-buttons/-/ej2-buttons-22.1.36.tgz",
      "integrity": "sha512-9KgwGRdNOy8+qQCqr42qIUifeddIjTC6pnuWp2PnklKVbGUjdWHgdtkIdkaRTzLLbNLxTfiahgPbkrzB+459Dw==",
      "dependencies": {
        "@syncfusion/ej2-base": "~22.1.34"
      }
    },
    "node_modules/@syncfusion/ej2-richtexteditor": {
      "version": "22.1.36",
      "resolved": "https://registry.npmjs.org/@syncfusion/ej2-richtexteditor/-/ej2-richtexteditor-22.1.36.tgz",
      "integrity": "sha512-2tCHDurRyTxtcmSxIM5SSU0/6i/ud/b+d3YAdi6wwvnu8eeMdSQoYJd3MAIu9ynQ+qgpjvWBLqDbOZp5P7qY8w==",
      "dependencies": {
        "@syncfusion/ej2-base": "~22.1.34",
        "@syncfusion/ej2-buttons": "~21.1.36",
        "@syncfusion/ej2-filemanager": "~22.1.36",
        "@syncfusion/ej2-inputs": "~22.1.34",
        "@syncfusion/ej2-navigations": "~22.1.36",
        "@syncfusion/ej2-popups": "~22.1.36",
        "@syncfusion/ej2-splitbuttons": "~22.1.34"
      }
    },
    "node_modules/@syncfusion/ej2-splitbuttons": {
      "version": "22.1.37",
      "resolved": "https://registry.npmjs.org/@syncfusion/ej2-splitbuttons/-/ej2-splitbuttons-22.1.37.tgz",
      "integrity": "sha512-mgzQV/E6pEykS1jL9BzDFxq1afRx/OMgbEWR2TVXP2DOKmhLzbObBm8dnvUm1u4WAHceh6JEtUNJs8QELv8Y8g==",
      "dependencies": {
        "@syncfusion/ej2-base": "~22.1.34",
        "@syncfusion/ej2-popups": "~22.1.37"
      }
    },
    "node_modules/ckeditor4-angular": {
      "version": "4.0.1",
      "resolved": "https://registry.npmjs.org/ckeditor4-angular/-/ckeditor4-angular-4.0.1.tgz",
      "integrity": "sha512-oiPQ9pCBhXhLpja8TGRiVn9puQJ21em6A3+H9Z1uZ8gJRHCptPfdumCvjFqD76Pog8KymbvHl24GBee67nhqMw==",
      "dependencies": {
        "ckeditor4-integrations-common": "^1.0.0",
        "tslib": "^2.3.0"
      },
      "peerDependencies": {
        "@angular/common": ">=13.4.0",
        "@angular/core": ">=13.4.0",
        "@angular/forms": ">=13.4.0"
      }
    },
    "node_modules/ckeditor4-integrations-common": {
      "version": "1.0.0",
      "resolved": "https://registry.npmjs.org/ckeditor4-integrations-common/-/ckeditor4-integrations-common-1.0.0.tgz",
      "integrity": "sha512-OAoQT/gYrHkg0qgzf6MS/rndYhq3SScLVQ3rtXQeuCE8ju7nFHg3qZ7WGA2XpFxcZzsMP6hhugXqdel5vbcC3g=="
    },
    "node_modules/core-js": {
      "version": "3.31.0",
      "resolved": "https://registry.npmjs.org/core-js/-/core-js-3.31.0.tgz",
      "integrity": "sha512-NIp2TQSGfR6ba5aalZD+ZQ1fSxGhDo/s1w0nx3RYzf2pnJxt7YynxFlFScP6eV7+GZsKO95NSjGxyJsU3DZgeQ==",
      "hasInstallScript": true,
      "funding": {
        "type": "opencollective",
        "url": "https://opencollective.com/core-js"
      }
    },
    "node_modules/reflect-metadata": {
      "version": "0.1.13",
      "resolved": "https://registry.npmjs.org/reflect-metadata/-/reflect-metadata-0.1.13.tgz",
      "integrity": "sha512-Ts1Y/anZELhSsjMcU605fU9RE4Oi3p5ORujwbIKXfWa+0Zxs510Qrmrce5/Jowq3cHSZSJqBjypxmHarc+vEWg=="
    },
    "node_modules/rxjs": {
      "version": "7.8.1",
      "resolved": "https://registry.npmjs.org/rxjs/-/rxjs-7.8.1.tgz",
      "integrity": "sha512-AA3TVj+0A2iuIoQkWEK/tqFjBq2j+6PO6Y0zJcvzLAFhEFIO3HL0vls9hWLncZbAAbK0mar7oZ4V079I/qPMxg==",
      "peer": true,
      "dependencies": {
        "tslib": "^2.1.0"
      }
    },
    "node_modules/rxjs-compat": {
      "version": "6.6.7",
      "resolved": "https://registry.npmjs.org/rxjs-compat/-/rxjs-compat-6.6.7.tgz",
      "integrity": "sha512-szN4fK+TqBPOFBcBcsR0g2cmTTUF/vaFEOZNuSdfU8/pGFnNmmn2u8SystYXG1QMrjOPBc6XTKHMVfENDf6hHw=="
    },
    "node_modules/tslib": {
      "version": "2.6.0",
      "resolved": "https://registry.npmjs.org/tslib/-/tslib-2.6.0.tgz",
      "integrity": "sha512-7At1WUettjcSRHXCyYtTselblcHl9PJFFVKiCAy/bY97+BPZXSQ2wbq0P9s8tK2G7dFQfNnlJnPAiArVBVBsfA=="
    },
    "node_modules/zone.js": {
      "version": "0.13.1",
      "resolved": "https://registry.npmjs.org/zone.js/-/zone.js-0.13.1.tgz",
      "integrity": "sha512-+bIeDAFEBYuXRuU3qGQvzdPap+N1zjM4KkBAiiQuVVCrHrhjDuY6VkUhNa5+U27+9w0q3fbKiMCbpJ0XzMmSWA==",
      "peer": true,
      "dependencies": {
        "tslib": "^2.3.0"
      }
    }
  }
}
